Microsoft Visual Studio Solution File, Format Version 12.00
# Visual Studio Version 17
VisualStudioVersion = 17.5.2.0
MinimumVisualStudioVersion = 10.0.40219.1
Project("{FAE04EC0-301F-11D3-BF4B-00C04F79EFBC}") = "TestConsoleApp", "TestConsoleApp\TestConsoleApp.csproj", "{BD833703-6BDD-FAC6-DFBF-B3141088F7C8}"
EndProject
Global
	GlobalSection(SolutionConfigurationPlatforms) = preSolution
		Debug|Any CPU = Debug|Any CPU
		Release|Any CPU = Release|Any CPU
	EndGlobalSection
	GlobalSection(ProjectConfigurationPlatforms) = postSolution
		{BD833703-6BDD-FAC6-DFBF-B3141088F7C8}.Debug|Any CPU.ActiveCfg = Debug|Any CPU
		{BD833703-6BDD-FAC6-DFBF-B3141088F7C8}.Debug|Any CPU.Build.0 = Debug|Any CPU
		{BD833703-6BDD-FAC6-DFBF-B3141088F7C8}.Release|Any CPU.ActiveCfg = Release|Any CPU
		{BD833703-6BDD-FAC6-DFBF-B3141088F7C8}.Release|Any CPU.Build.0 = Release|Any CPU
	EndGlobalSection
	GlobalSection(SolutionProperties) = preSolution
		HideSolutionNode = FALSE
	EndGlobalSection
	GlobalSection(ExtensibilityGlobals) = postSolution
		SolutionGuid = {4F73B02C-71C0-4604-BAC2-BC67A36D2658}
	EndGlobalSection
EndGlobal
