
Microsoft Visual Studio Solution File, Format Version 12.00
# Visual Studio Version 17
VisualStudioVersion = 17.5.2.0
MinimumVisualStudioVersion = 10.0.40219.1
Project("{FAE04EC0-301F-11D3-BF4B-00C04F79EFBC}") = "PortProject.Api", "PortProject.Api\PortProject.Api.csproj", "{0F2E08FE-7B5B-4453-A5B9-FEC4B18303CD}"
EndProject
Project("{FAE04EC0-301F-11D3-BF4B-00C04F79EFBC}") = "PortProject.Api.Tests", "PortProject.Api.Tests\PortProject.Api.Tests.csproj", "{FD418360-4188-4E62-8D8C-B5610A1B84E9}"
EndProject
Project("{FAE04EC0-301F-11D3-BF4B-00C04F79EFBC}") = "PortProject.Api.Integration_Tests", "PortProject.Api.Integration_Tests\PortProject.Api.Integration_Tests.csproj", "{D2876DF2-2CBE-4118-8E76-201443151001}"
EndProject
Project("{FAE04EC0-301F-11D3-BF4B-00C04F79EFBC}") = "Port.Project.Api.System_Tests", "Port.Project.Api.System_Tests\Port.Project.Api.System_Tests.csproj", "{7B1FF5D9-9DC5-492C-A04D-153E7A9B71BA}"
EndProject
Project("{FAE04EC0-301F-11D3-BF4B-00C04F79EFBC}") = "PortProject.OEM.Api", "PortProject.OEM.Api\PortProject.OEM.Api.csproj", "{ECD45631-5FB7-419E-87B0-78E02C6DEE30}"
EndProject
Global
	GlobalSection(SolutionConfigurationPlatforms) = preSolution
		Debug|Any CPU = Debug|Any CPU
		Release|Any CPU = Release|Any CPU
	EndGlobalSection
	GlobalSection(SolutionProperties) = preSolution
		HideSolutionNode = FALSE
	EndGlobalSection
	GlobalSection(ExtensibilityGlobals) = postSolution
		SolutionGuid = {4F73B02C-71C0-4604-BAC2-BC67A36D2658}
	EndGlobalSection
	GlobalSection(ProjectConfigurationPlatforms) = postSolution
		{0F2E08FE-7B5B-4453-A5B9-FEC4B18303CD}.Debug|Any CPU.ActiveCfg = Debug|Any CPU
		{0F2E08FE-7B5B-4453-A5B9-FEC4B18303CD}.Debug|Any CPU.Build.0 = Debug|Any CPU
		{0F2E08FE-7B5B-4453-A5B9-FEC4B18303CD}.Release|Any CPU.ActiveCfg = Release|Any CPU
		{0F2E08FE-7B5B-4453-A5B9-FEC4B18303CD}.Release|Any CPU.Build.0 = Release|Any CPU
		{FD418360-4188-4E62-8D8C-B5610A1B84E9}.Debug|Any CPU.ActiveCfg = Debug|Any CPU
		{FD418360-4188-4E62-8D8C-B5610A1B84E9}.Debug|Any CPU.Build.0 = Debug|Any CPU
		{FD418360-4188-4E62-8D8C-B5610A1B84E9}.Release|Any CPU.ActiveCfg = Release|Any CPU
		{FD418360-4188-4E62-8D8C-B5610A1B84E9}.Release|Any CPU.Build.0 = Release|Any CPU
		{D2876DF2-2CBE-4118-8E76-201443151001}.Debug|Any CPU.ActiveCfg = Debug|Any CPU
		{D2876DF2-2CBE-4118-8E76-201443151001}.Debug|Any CPU.Build.0 = Debug|Any CPU
		{D2876DF2-2CBE-4118-8E76-201443151001}.Release|Any CPU.ActiveCfg = Release|Any CPU
		{D2876DF2-2CBE-4118-8E76-201443151001}.Release|Any CPU.Build.0 = Release|Any CPU
		{7B1FF5D9-9DC5-492C-A04D-153E7A9B71BA}.Debug|Any CPU.ActiveCfg = Debug|Any CPU
		{7B1FF5D9-9DC5-492C-A04D-153E7A9B71BA}.Debug|Any CPU.Build.0 = Debug|Any CPU
		{7B1FF5D9-9DC5-492C-A04D-153E7A9B71BA}.Release|Any CPU.ActiveCfg = Release|Any CPU
		{7B1FF5D9-9DC5-492C-A04D-153E7A9B71BA}.Release|Any CPU.Build.0 = Release|Any CPU
		{ECD45631-5FB7-419E-87B0-78E02C6DEE30}.Debug|Any CPU.ActiveCfg = Debug|Any CPU
		{ECD45631-5FB7-419E-87B0-78E02C6DEE30}.Debug|Any CPU.Build.0 = Debug|Any CPU
		{ECD45631-5FB7-419E-87B0-78E02C6DEE30}.Release|Any CPU.ActiveCfg = Release|Any CPU
		{ECD45631-5FB7-419E-87B0-78E02C6DEE30}.Release|Any CPU.Build.0 = Release|Any CPU
	EndGlobalSection
EndGlobal
